# This file is automatically @generated by Cargo.
# It is not intended for manual editing.
version = 4

[[package]]
name = "redstr"
version = "0.2.2"
source = "registry+https://github.com/rust-lang/crates.io-index"
checksum = "1d7a4e1a13a692e99988751991e9c3349c5363c8b198785e65ce2d2a375f0707"

[[package]]
name = "redstr-server"
version = "0.1.2"
dependencies = [
 "redstr",
]
